
Microsoft Visual Studio Solution File, Format Version 12.00
# Visual Studio Version 17
VisualStudioVersion = 17.7.33920.267
MinimumVisualStudioVersion = 10.0.40219.1
Project("{FAE04EC0-301F-11D3-BF4B-00C04F79EFBC}") = "Calculator", "Calculator.csproj", "{DB6500EC-7D5D-4E6C-B1F8-7FFB3CB3885C}"
EndProject
Global
	GlobalSection(SolutionConfigurationPlatforms) = preSolution
		Debug|Any CPU = Debug|Any CPU
		Release|Any CPU = Release|Any CPU
	EndGlobalSection
	GlobalSection(ProjectConfigurationPlatforms) = postSolution
		{DB6500EC-7D5D-4E6C-B1F8-7FFB3CB3885C}.Debug|Any CPU.ActiveCfg = Debug|Any CPU
		{DB6500EC-7D5D-4E6C-B1F8-7FFB3CB3885C}.Debug|Any CPU.Build.0 = Debug|Any CPU
		{DB6500EC-7D5D-4E6C-B1F8-7FFB3CB3885C}.Release|Any CPU.ActiveCfg = Release|Any CPU
		{DB6500EC-7D5D-4E6C-B1F8-7FFB3CB3885C}.Release|Any CPU.Build.0 = Release|Any CPU
	EndGlobalSection
	GlobalSection(SolutionProperties) = preSolution
		HideSolutionNode = FALSE
	EndGlobalSection
	GlobalSection(ExtensibilityGlobals) = postSolution
		SolutionGuid = {5ECCA78F-73BC-419A-9EB2-1B16990EBA32}
	EndGlobalSection
EndGlobal
